<?xml version="1.0" encoding="utf-8"?>
<Project ToolsVersion="4.0" xmlns="http://schemas.microsoft.com/developer/msbuild/2003">
  <ItemGroup>
    <Filter Include="Source Files">
      <UniqueIdentifier>{4FC737F1-C7A5-4376-A066-2A32D752A2FF}</UniqueIdentifier>
      <Extensions>cpp;c;cc;cxx;c++;cppm;ixx;def;odl;idl;hpj;bat;asm;asmx</Extensions>
    </Filter>
    <Filter Include="Header Files">
      <UniqueIdentifier>{93995380-89BD-4b04-88EB-625FBE52EBFB}</UniqueIdentifier>
      <Extensions>h;hh;hpp;hxx;h++;hm;inl;inc;ipp;xsd</Extensions>
    </Filter>
    <Filter Include="Resource Files">
      <UniqueIdentifier>{67DA6AB6-F800-4c08-8B7A-83BB121AAD01}</UniqueIdentifier>
      <Extensions>rc;ico;cur;bmp;dlg;rc2;rct;bin;rgs;gif;jpg;jpeg;jpe;resx;tiff;tif;png;wav;mfcribbon-ms</Extensions>
    </Filter>
    <Filter Include="Header Files\Parent">
      <UniqueIdentifier>{110a92ab-7c3d-4098-a06c-e32dc0f2e2ae}</UniqueIdentifier>
    </Filter>
    <Filter Include="Header Files\Child">
      <UniqueIdentifier>{f47e5f9b-6d7c-4295-8881-b847f04af200}</UniqueIdentifier>
    </Filter>
  </ItemGroup>
  <ItemGroup>
    <ClCompile Include="TUGAS_BESAR.cpp">
      <Filter>Source Files</Filter>
    </ClCompile>
    <ClCompile Include="child.cpp">
      <Filter>Header Files\Child</Filter>
    </ClCompile>
    <ClCompile Include="parent.cpp">
      <Filter>Header Files\Parent</Filter>
    </ClCompile>
    <ClCompile Include="globals.cpp">
      <Filter>Source Files</Filter>
    </ClCompile>
  </ItemGroup>
  <ItemGroup>
    <ClInclude Include="child.h">
      <Filter>Header Files\Child</Filter>
    </ClInclude>
    <ClInclude Include="parent.h">
      <Filter>Header Files\Parent</Filter>
    </ClInclude>
    <ClInclude Include="globals.h">
      <Filter>Header Files</Filter>
    </ClInclude>
  </ItemGroup>
</Project>